
Microsoft Visual Studio Solution File, Format Version 12.00
# Visual Studio Express 2013 for Windows Desktop
VisualStudioVersion = 12.0.21005.1
MinimumVisualStudioVersion = 10.0.40219.1
Project("{FAE04EC0-301F-11D3-BF4B-00C04F79EFBC}") = "passRef", "passRef.csproj", "{2BF2CA5E-DF07-4710-AC17-F59C9590577E}"
EndProject
Global
	GlobalSection(SolutionConfigurationPlatforms) = preSolution
		Debug|Any CPU = Debug|Any CPU
		Release|Any CPU = Release|Any CPU
	EndGlobalSection
	GlobalSection(ProjectConfigurationPlatforms) = postSolution
		{2BF2CA5E-DF07-4710-AC17-F59C9590577E}.Debug|Any CPU.ActiveCfg = Debug|Any CPU
		{2BF2CA5E-DF07-4710-AC17-F59C9590577E}.Debug|Any CPU.Build.0 = Debug|Any CPU
		{2BF2CA5E-DF07-4710-AC17-F59C9590577E}.Release|Any CPU.ActiveCfg = Release|Any CPU
		{2BF2CA5E-DF07-4710-AC17-F59C9590577E}.Release|Any CPU.Build.0 = Release|Any CPU
	EndGlobalSection
	GlobalSection(SolutionProperties) = preSolution
		HideSolutionNode = FALSE
	EndGlobalSection
EndGlobal
