
Microsoft Visual Studio Solution File, Format Version 12.00
# Visual Studio 15
VisualStudioVersion = 15.0.28307.2092
MinimumVisualStudioVersion = 10.0.40219.1
Project("{FAE04EC0-301F-11D3-BF4B-00C04F79EFBC}") = "c34104032_practice_2_1", "c34104032_practice_2_1\c34104032_practice_2_1.csproj", "{0D95FD6D-F563-466C-A08D-274577E3CB46}"
EndProject
Global
	GlobalSection(SolutionConfigurationPlatforms) = preSolution
		Debug|Any CPU = Debug|Any CPU
		Release|Any CPU = Release|Any CPU
	EndGlobalSection
	GlobalSection(ProjectConfigurationPlatforms) = postSolution
		{0D95FD6D-F563-466C-A08D-274577E3CB46}.Debug|Any CPU.ActiveCfg = Debug|Any CPU
		{0D95FD6D-F563-466C-A08D-274577E3CB46}.Debug|Any CPU.Build.0 = Debug|Any CPU
		{0D95FD6D-F563-466C-A08D-274577E3CB46}.Release|Any CPU.ActiveCfg = Release|Any CPU
		{0D95FD6D-F563-466C-A08D-274577E3CB46}.Release|Any CPU.Build.0 = Release|Any CPU
	EndGlobalSection
	GlobalSection(SolutionProperties) = preSolution
		HideSolutionNode = FALSE
	EndGlobalSection
	GlobalSection(ExtensibilityGlobals) = postSolution
		SolutionGuid = {4BB28B4D-196C-4778-A859-7613AD78A37E}
	EndGlobalSection
EndGlobal
