
Microsoft Visual Studio Solution File, Format Version 12.00
# Visual Studio 15
VisualStudioVersion = 15.0.28307.2092
MinimumVisualStudioVersion = 10.0.40219.1
Project("{FAE04EC0-301F-11D3-BF4B-00C04F79EFBC}") = "c34104032_practice_3_1", "c34104032_practice_3_1\c34104032_practice_3_1.csproj", "{31144137-2CEF-4F2D-A7DE-D3C4650CF8FA}"
EndProject
Global
	GlobalSection(SolutionConfigurationPlatforms) = preSolution
		Debug|Any CPU = Debug|Any CPU
		Release|Any CPU = Release|Any CPU
	EndGlobalSection
	GlobalSection(ProjectConfigurationPlatforms) = postSolution
		{31144137-2CEF-4F2D-A7DE-D3C4650CF8FA}.Debug|Any CPU.ActiveCfg = Debug|Any CPU
		{31144137-2CEF-4F2D-A7DE-D3C4650CF8FA}.Debug|Any CPU.Build.0 = Debug|Any CPU
		{31144137-2CEF-4F2D-A7DE-D3C4650CF8FA}.Release|Any CPU.ActiveCfg = Release|Any CPU
		{31144137-2CEF-4F2D-A7DE-D3C4650CF8FA}.Release|Any CPU.Build.0 = Release|Any CPU
	EndGlobalSection
	GlobalSection(SolutionProperties) = preSolution
		HideSolutionNode = FALSE
	EndGlobalSection
	GlobalSection(ExtensibilityGlobals) = postSolution
		SolutionGuid = {AD07C272-A225-4B15-BAD5-7448429684FC}
	EndGlobalSection
EndGlobal
